
Microsoft Visual Studio Solution File, Format Version 12.00
# Visual Studio 15
VisualStudioVersion = 15.0.27703.2026
MinimumVisualStudioVersion = 10.0.40219.1
Project("{FAE04EC0-301F-11D3-BF4B-00C04F79EFBC}") = "Counting Pairs Of Socks", "Counting Pairs Of Socks\Counting Pairs Of Socks.csproj", "{6ADC331A-0B9F-4E16-83DF-C3BD28226338}"
EndProject
Global
	GlobalSection(SolutionConfigurationPlatforms) = preSolution
		Debug|Any CPU = Debug|Any CPU
		Release|Any CPU = Release|Any CPU
	EndGlobalSection
	GlobalSection(ProjectConfigurationPlatforms) = postSolution
		{6ADC331A-0B9F-4E16-83DF-C3BD28226338}.Debug|Any CPU.ActiveCfg = Debug|Any CPU
		{6ADC331A-0B9F-4E16-83DF-C3BD28226338}.Debug|Any CPU.Build.0 = Debug|Any CPU
		{6ADC331A-0B9F-4E16-83DF-C3BD28226338}.Release|Any CPU.ActiveCfg = Release|Any CPU
		{6ADC331A-0B9F-4E16-83DF-C3BD28226338}.Release|Any CPU.Build.0 = Release|Any CPU
	EndGlobalSection
	GlobalSection(SolutionProperties) = preSolution
		HideSolutionNode = FALSE
	EndGlobalSection
	GlobalSection(ExtensibilityGlobals) = postSolution
		SolutionGuid = {0B51CC28-B64B-4F33-84AB-948825B5C524}
	EndGlobalSection
EndGlobal
